# This file is automatically @generated by Cargo.
# It is not intended for manual editing.
version = 4

[[package]]
name = "imx-cli"
version = "0.1.0"
dependencies = [
 "imx-codec-farbfeld",
 "imx-codec-ppm",
 "imx-codec-qoi",
 "imx-core",
]

[[package]]
name = "imx-codec-farbfeld"
version = "0.1.0"
dependencies = [
 "imx-core",
]

[[package]]
name = "imx-codec-ppm"
version = "0.1.0"
dependencies = [
 "imx-core",
]

[[package]]
name = "imx-codec-qoi"
version = "0.1.0"
dependencies = [
 "imx-core",
]

[[package]]
name = "imx-core"
version = "0.1.0"

[[package]]
name = "imx-preview"
version = "0.1.0"
dependencies = [
 "imx-codec-farbfeld",
 "imx-codec-ppm",
 "imx-codec-qoi",
 "imx-core",
 "libc",
]

[[package]]
name = "libc"
version = "0.2.186"
source = "registry+https://github.com/rust-lang/crates.io-index"
checksum = "68ab91017fe16c622486840e4c83c9a37afeff978bd239b5293d61ece587de66"
